
Microsoft Visual Studio Solution File, Format Version 12.00
# Visual Studio Version 16
VisualStudioVersion = 16.0.30011.22
MinimumVisualStudioVersion = 10.0.40219.1
Project("{9A19103F-16F7-4668-BE54-9A1E7A4F7556}") = "MarioWorldSharp", "MarioWorldSharp\MarioWorldSharp.csproj", "{F9A8B512-3D70-4AC9-93A8-5955F0D23523}"
EndProject
Project("{9A19103F-16F7-4668-BE54-9A1E7A4F7556}") = "KdTreeLib", "..\..\..\source\repos\KdTree\KdTreeLib\KdTreeLib.csproj", "{9E48BEB1-5DA1-4C02-ACDE-A036A86EE586}"
EndProject
Global
	GlobalSection(SolutionConfigurationPlatforms) = preSolution
		Debug|Any CPU = Debug|Any CPU
		Release|Any CPU = Release|Any CPU
	EndGlobalSection
	GlobalSection(ProjectConfigurationPlatforms) = postSolution
		{F9A8B512-3D70-4AC9-93A8-5955F0D23523}.Debug|Any CPU.ActiveCfg = Debug|Any CPU
		{F9A8B512-3D70-4AC9-93A8-5955F0D23523}.Debug|Any CPU.Build.0 = Debug|Any CPU
		{F9A8B512-3D70-4AC9-93A8-5955F0D23523}.Release|Any CPU.ActiveCfg = Release|Any CPU
		{F9A8B512-3D70-4AC9-93A8-5955F0D23523}.Release|Any CPU.Build.0 = Release|Any CPU
		{9E48BEB1-5DA1-4C02-ACDE-A036A86EE586}.Debug|Any CPU.ActiveCfg = Debug|Any CPU
		{9E48BEB1-5DA1-4C02-ACDE-A036A86EE586}.Debug|Any CPU.Build.0 = Debug|Any CPU
		{9E48BEB1-5DA1-4C02-ACDE-A036A86EE586}.Release|Any CPU.ActiveCfg = Release|Any CPU
		{9E48BEB1-5DA1-4C02-ACDE-A036A86EE586}.Release|Any CPU.Build.0 = Release|Any CPU
	EndGlobalSection
	GlobalSection(SolutionProperties) = preSolution
		HideSolutionNode = FALSE
	EndGlobalSection
	GlobalSection(ExtensibilityGlobals) = postSolution
		SolutionGuid = {CEC9F710-B783-434E-8CED-BEB2B5F1196B}
	EndGlobalSection
EndGlobal
